
Microsoft Visual Studio Solution File, Format Version 12.00
# Visual Studio Version 16
VisualStudioVersion = 16.0.32106.194
MinimumVisualStudioVersion = 10.0.40219.1
Project("{9A19103F-16F7-4668-BE54-9A1E7A4F7556}") = "Store.Data", "Store.Data\Store.Data.csproj", "{6E3E28A0-D14A-4F7C-B50E-6207F7719A9D}"
EndProject
Project("{9A19103F-16F7-4668-BE54-9A1E7A4F7556}") = "Sandbox", "Sandbox\Sandbox.csproj", "{0F04B0CE-AAD8-477A-88E9-84D5124B2B87}"
EndProject
Project("{9A19103F-16F7-4668-BE54-9A1E7A4F7556}") = "Store.Infrastructure", "Store.Infrastructure\Store.Infrastructure.csproj", "{5E59E477-45AE-4DC3-8483-93782BC92711}"
EndProject
Project("{FAE04EC0-301F-11D3-BF4B-00C04F79EFBC}") = "Store.BusinessLogic", "Store.BusinessLogic\Store.BusinessLogic.csproj", "{1DE5CC1B-6C9D-4851-93AA-B6D65496BAB7}"
EndProject
Global
	GlobalSection(SolutionConfigurationPlatforms) = preSolution
		Debug|Any CPU = Debug|Any CPU
		Release|Any CPU = Release|Any CPU
	EndGlobalSection
	GlobalSection(ProjectConfigurationPlatforms) = postSolution
		{6E3E28A0-D14A-4F7C-B50E-6207F7719A9D}.Debug|Any CPU.ActiveCfg = Debug|Any CPU
		{6E3E28A0-D14A-4F7C-B50E-6207F7719A9D}.Debug|Any CPU.Build.0 = Debug|Any CPU
		{6E3E28A0-D14A-4F7C-B50E-6207F7719A9D}.Release|Any CPU.ActiveCfg = Release|Any CPU
		{6E3E28A0-D14A-4F7C-B50E-6207F7719A9D}.Release|Any CPU.Build.0 = Release|Any CPU
		{0F04B0CE-AAD8-477A-88E9-84D5124B2B87}.Debug|Any CPU.ActiveCfg = Debug|Any CPU
		{0F04B0CE-AAD8-477A-88E9-84D5124B2B87}.Debug|Any CPU.Build.0 = Debug|Any CPU
		{0F04B0CE-AAD8-477A-88E9-84D5124B2B87}.Release|Any CPU.ActiveCfg = Release|Any CPU
		{0F04B0CE-AAD8-477A-88E9-84D5124B2B87}.Release|Any CPU.Build.0 = Release|Any CPU
		{5E59E477-45AE-4DC3-8483-93782BC92711}.Debug|Any CPU.ActiveCfg = Debug|Any CPU
		{5E59E477-45AE-4DC3-8483-93782BC92711}.Debug|Any CPU.Build.0 = Debug|Any CPU
		{5E59E477-45AE-4DC3-8483-93782BC92711}.Release|Any CPU.ActiveCfg = Release|Any CPU
		{5E59E477-45AE-4DC3-8483-93782BC92711}.Release|Any CPU.Build.0 = Release|Any CPU
		{1DE5CC1B-6C9D-4851-93AA-B6D65496BAB7}.Debug|Any CPU.ActiveCfg = Debug|Any CPU
		{1DE5CC1B-6C9D-4851-93AA-B6D65496BAB7}.Debug|Any CPU.Build.0 = Debug|Any CPU
		{1DE5CC1B-6C9D-4851-93AA-B6D65496BAB7}.Release|Any CPU.ActiveCfg = Release|Any CPU
		{1DE5CC1B-6C9D-4851-93AA-B6D65496BAB7}.Release|Any CPU.Build.0 = Release|Any CPU
	EndGlobalSection
	GlobalSection(SolutionProperties) = preSolution
		HideSolutionNode = FALSE
	EndGlobalSection
	GlobalSection(ExtensibilityGlobals) = postSolution
		SolutionGuid = {A4252270-627D-42E2-877C-9AB354FE7575}
	EndGlobalSection
EndGlobal
